
Microsoft Visual Studio Solution File, Format Version 12.00
Project("{FAE04EC0-301F-11D3-BF4B-00C04F79EFBC}") = "RecetteMaster", "RecetteMaster\RecetteMaster\RecetteMaster.csproj", "{78BB7A51-7F23-4411-A9F0-8CE052E09E29}"
EndProject
Project("{FAE04EC0-301F-11D3-BF4B-00C04F79EFBC}") = "RecetteMaster.Android", "RecetteMaster\RecetteMaster.Android\RecetteMaster.Android.csproj", "{5F9197BE-A42E-4ED2-804F-CDA7A4BFA7D7}"
EndProject
Project("{FAE04EC0-301F-11D3-BF4B-00C04F79EFBC}") = "RecetteMaster.iOS", "RecetteMaster\RecetteMaster.iOS\RecetteMaster.iOS.csproj", "{9DF8C7AC-1EE8-4761-B7D9-EC8284EF8745}"
EndProject
Global
	GlobalSection(SolutionConfigurationPlatforms) = preSolution
		Ad-Hoc|iPhone = Ad-Hoc|iPhone
		AppStore|iPhone = AppStore|iPhone
		Debug|Any CPU = Debug|Any CPU
		Debug|iPhone = Debug|iPhone
		Debug|iPhoneSimulator = Debug|iPhoneSimulator
		Release|Any CPU = Release|Any CPU
		Release|iPhone = Release|iPhone
		Release|iPhoneSimulator = Release|iPhoneSimulator
	EndGlobalSection
	GlobalSection(ProjectConfigurationPlatforms) = postSolution
		{78BB7A51-7F23-4411-A9F0-8CE052E09E29}.Ad-Hoc|iPhone.ActiveCfg = Debug|Any CPU
		{78BB7A51-7F23-4411-A9F0-8CE052E09E29}.Ad-Hoc|iPhone.Build.0 = Debug|Any CPU
		{78BB7A51-7F23-4411-A9F0-8CE052E09E29}.AppStore|iPhone.ActiveCfg = Debug|Any CPU
		{78BB7A51-7F23-4411-A9F0-8CE052E09E29}.AppStore|iPhone.Build.0 = Debug|Any CPU
		{78BB7A51-7F23-4411-A9F0-8CE052E09E29}.Debug|Any CPU.ActiveCfg = Debug|Any CPU
		{78BB7A51-7F23-4411-A9F0-8CE052E09E29}.Debug|Any CPU.Build.0 = Debug|Any CPU
		{78BB7A51-7F23-4411-A9F0-8CE052E09E29}.Debug|iPhone.ActiveCfg = Debug|Any CPU
		{78BB7A51-7F23-4411-A9F0-8CE052E09E29}.Debug|iPhone.Build.0 = Debug|Any CPU
		{78BB7A51-7F23-4411-A9F0-8CE052E09E29}.Debug|iPhoneSimulator.ActiveCfg = Debug|Any CPU
		{78BB7A51-7F23-4411-A9F0-8CE052E09E29}.Debug|iPhoneSimulator.Build.0 = Debug|Any CPU
		{78BB7A51-7F23-4411-A9F0-8CE052E09E29}.Release|Any CPU.ActiveCfg = Release|Any CPU
		{78BB7A51-7F23-4411-A9F0-8CE052E09E29}.Release|Any CPU.Build.0 = Release|Any CPU
		{78BB7A51-7F23-4411-A9F0-8CE052E09E29}.Release|iPhone.ActiveCfg = Release|Any CPU
		{78BB7A51-7F23-4411-A9F0-8CE052E09E29}.Release|iPhone.Build.0 = Release|Any CPU
		{78BB7A51-7F23-4411-A9F0-8CE052E09E29}.Release|iPhoneSimulator.ActiveCfg = Release|Any CPU
		{78BB7A51-7F23-4411-A9F0-8CE052E09E29}.Release|iPhoneSimulator.Build.0 = Release|Any CPU
		{5F9197BE-A42E-4ED2-804F-CDA7A4BFA7D7}.Ad-Hoc|iPhone.ActiveCfg = Debug|Any CPU
		{5F9197BE-A42E-4ED2-804F-CDA7A4BFA7D7}.Ad-Hoc|iPhone.Build.0 = Debug|Any CPU
		{5F9197BE-A42E-4ED2-804F-CDA7A4BFA7D7}.Ad-Hoc|iPhone.Deploy.0 = Debug|Any CPU
		{5F9197BE-A42E-4ED2-804F-CDA7A4BFA7D7}.AppStore|iPhone.ActiveCfg = Debug|Any CPU
		{5F9197BE-A42E-4ED2-804F-CDA7A4BFA7D7}.AppStore|iPhone.Build.0 = Debug|Any CPU
		{5F9197BE-A42E-4ED2-804F-CDA7A4BFA7D7}.AppStore|iPhone.Deploy.0 = Debug|Any CPU
		{5F9197BE-A42E-4ED2-804F-CDA7A4BFA7D7}.Debug|Any CPU.ActiveCfg = Debug|Any CPU
		{5F9197BE-A42E-4ED2-804F-CDA7A4BFA7D7}.Debug|Any CPU.Build.0 = Debug|Any CPU
		{5F9197BE-A42E-4ED2-804F-CDA7A4BFA7D7}.Debug|Any CPU.Deploy.0 = Debug|Any CPU
		{5F9197BE-A42E-4ED2-804F-CDA7A4BFA7D7}.Debug|iPhone.ActiveCfg = Debug|Any CPU
		{5F9197BE-A42E-4ED2-804F-CDA7A4BFA7D7}.Debug|iPhone.Build.0 = Debug|Any CPU
		{5F9197BE-A42E-4ED2-804F-CDA7A4BFA7D7}.Debug|iPhone.Deploy.0 = Debug|Any CPU
		{5F9197BE-A42E-4ED2-804F-CDA7A4BFA7D7}.Debug|iPhoneSimulator.ActiveCfg = Debug|Any CPU
		{5F9197BE-A42E-4ED2-804F-CDA7A4BFA7D7}.Debug|iPhoneSimulator.Build.0 = Debug|Any CPU
		{5F9197BE-A42E-4ED2-804F-CDA7A4BFA7D7}.Debug|iPhoneSimulator.Deploy.0 = Debug|Any CPU
		{5F9197BE-A42E-4ED2-804F-CDA7A4BFA7D7}.Release|Any CPU.ActiveCfg = Release|Any CPU
		{5F9197BE-A42E-4ED2-804F-CDA7A4BFA7D7}.Release|Any CPU.Build.0 = Release|Any CPU
		{5F9197BE-A42E-4ED2-804F-CDA7A4BFA7D7}.Release|Any CPU.Deploy.0 = Release|Any CPU
		{5F9197BE-A42E-4ED2-804F-CDA7A4BFA7D7}.Release|iPhone.ActiveCfg = Release|Any CPU
		{5F9197BE-A42E-4ED2-804F-CDA7A4BFA7D7}.Release|iPhone.Build.0 = Release|Any CPU
		{5F9197BE-A42E-4ED2-804F-CDA7A4BFA7D7}.Release|iPhone.Deploy.0 = Release|Any CPU
		{5F9197BE-A42E-4ED2-804F-CDA7A4BFA7D7}.Release|iPhoneSimulator.ActiveCfg = Release|Any CPU
		{5F9197BE-A42E-4ED2-804F-CDA7A4BFA7D7}.Release|iPhoneSimulator.Build.0 = Release|Any CPU
		{5F9197BE-A42E-4ED2-804F-CDA7A4BFA7D7}.Release|iPhoneSimulator.Deploy.0 = Release|Any CPU
		{9DF8C7AC-1EE8-4761-B7D9-EC8284EF8745}.Ad-Hoc|iPhone.ActiveCfg = Ad-Hoc|iPhone
		{9DF8C7AC-1EE8-4761-B7D9-EC8284EF8745}.Ad-Hoc|iPhone.Build.0 = Ad-Hoc|iPhone
		{9DF8C7AC-1EE8-4761-B7D9-EC8284EF8745}.Ad-Hoc|iPhone.Deploy.0 = Ad-Hoc|iPhone
		{9DF8C7AC-1EE8-4761-B7D9-EC8284EF8745}.AppStore|iPhone.ActiveCfg = AppStore|iPhone
		{9DF8C7AC-1EE8-4761-B7D9-EC8284EF8745}.AppStore|iPhone.Build.0 = AppStore|iPhone
		{9DF8C7AC-1EE8-4761-B7D9-EC8284EF8745}.AppStore|iPhone.Deploy.0 = AppStore|iPhone
		{9DF8C7AC-1EE8-4761-B7D9-EC8284EF8745}.Debug|Any CPU.ActiveCfg = Debug|iPhoneSimulator
		{9DF8C7AC-1EE8-4761-B7D9-EC8284EF8745}.Debug|Any CPU.Build.0 = Debug|iPhoneSimulator
		{9DF8C7AC-1EE8-4761-B7D9-EC8284EF8745}.Debug|Any CPU.Deploy.0 = Debug|iPhoneSimulator
		{9DF8C7AC-1EE8-4761-B7D9-EC8284EF8745}.Debug|iPhone.ActiveCfg = Debug|iPhone
		{9DF8C7AC-1EE8-4761-B7D9-EC8284EF8745}.Debug|iPhone.Build.0 = Debug|iPhone
		{9DF8C7AC-1EE8-4761-B7D9-EC8284EF8745}.Debug|iPhone.Deploy.0 = Debug|iPhone
		{9DF8C7AC-1EE8-4761-B7D9-EC8284EF8745}.Debug|iPhoneSimulator.ActiveCfg = Debug|iPhoneSimulator
		{9DF8C7AC-1EE8-4761-B7D9-EC8284EF8745}.Debug|iPhoneSimulator.Build.0 = Debug|iPhoneSimulator
		{9DF8C7AC-1EE8-4761-B7D9-EC8284EF8745}.Debug|iPhoneSimulator.Deploy.0 = Debug|iPhoneSimulator
		{9DF8C7AC-1EE8-4761-B7D9-EC8284EF8745}.Release|Any CPU.ActiveCfg = Release|iPhoneSimulator
		{9DF8C7AC-1EE8-4761-B7D9-EC8284EF8745}.Release|Any CPU.Build.0 = Release|iPhoneSimulator
		{9DF8C7AC-1EE8-4761-B7D9-EC8284EF8745}.Release|Any CPU.Deploy.0 = Release|iPhoneSimulator
		{9DF8C7AC-1EE8-4761-B7D9-EC8284EF8745}.Release|iPhone.ActiveCfg = Release|iPhone
		{9DF8C7AC-1EE8-4761-B7D9-EC8284EF8745}.Release|iPhone.Build.0 = Release|iPhone
		{9DF8C7AC-1EE8-4761-B7D9-EC8284EF8745}.Release|iPhone.Deploy.0 = Release|iPhone
		{9DF8C7AC-1EE8-4761-B7D9-EC8284EF8745}.Release|iPhoneSimulator.ActiveCfg = Release|iPhoneSimulator
		{9DF8C7AC-1EE8-4761-B7D9-EC8284EF8745}.Release|iPhoneSimulator.Build.0 = Release|iPhoneSimulator
		{9DF8C7AC-1EE8-4761-B7D9-EC8284EF8745}.Release|iPhoneSimulator.Deploy.0 = Release|iPhoneSimulator
	EndGlobalSection
EndGlobal
